
Microsoft Visual Studio Solution File, Format Version 12.00
# Visual Studio Version 17
VisualStudioVersion = 17.3.32901.215
MinimumVisualStudioVersion = 10.0.40219.1
Project("{9A19103F-16F7-4668-BE54-9A1E7A4F7556}") = "FilmesAPI", "FilmesAPI\FilmesAPI.csproj", "{5003901F-CB17-48A1-8F93-5C1BC0EB24EF}"
EndProject
Project("{FAE04EC0-301F-11D3-BF4B-00C04F79EFBC}") = "UsuariosAPI", "UsuariosAPI\UsuariosAPI.csproj", "{367FE020-FA55-49AD-8D03-354DA9E40802}"
EndProject
Global
	GlobalSection(SolutionConfigurationPlatforms) = preSolution
		Debug|Any CPU = Debug|Any CPU
		Release|Any CPU = Release|Any CPU
	EndGlobalSection
	GlobalSection(ProjectConfigurationPlatforms) = postSolution
		{5003901F-CB17-48A1-8F93-5C1BC0EB24EF}.Debug|Any CPU.ActiveCfg = Debug|Any CPU
		{5003901F-CB17-48A1-8F93-5C1BC0EB24EF}.Debug|Any CPU.Build.0 = Debug|Any CPU
		{5003901F-CB17-48A1-8F93-5C1BC0EB24EF}.Release|Any CPU.ActiveCfg = Release|Any CPU
		{5003901F-CB17-48A1-8F93-5C1BC0EB24EF}.Release|Any CPU.Build.0 = Release|Any CPU
		{367FE020-FA55-49AD-8D03-354DA9E40802}.Debug|Any CPU.ActiveCfg = Debug|Any CPU
		{367FE020-FA55-49AD-8D03-354DA9E40802}.Debug|Any CPU.Build.0 = Debug|Any CPU
		{367FE020-FA55-49AD-8D03-354DA9E40802}.Release|Any CPU.ActiveCfg = Release|Any CPU
		{367FE020-FA55-49AD-8D03-354DA9E40802}.Release|Any CPU.Build.0 = Release|Any CPU
	EndGlobalSection
	GlobalSection(SolutionProperties) = preSolution
		HideSolutionNode = FALSE
	EndGlobalSection
	GlobalSection(ExtensibilityGlobals) = postSolution
		SolutionGuid = {3AF024E5-4715-42F7-BC28-DF0949CCF26C}
	EndGlobalSection
EndGlobal
